
Microsoft Visual Studio Solution File, Format Version 12.00
# Visual Studio 15
VisualStudioVersion = 15.0.27130.2010
MinimumVisualStudioVersion = 10.0.40219.1
Project("{9A19103F-16F7-4668-BE54-9A1E7A4F7556}") = "FillBox", "FillBox.csproj", "{A61E1FBA-8B92-44F9-B2BF-EBEFE7A15AEA}"
EndProject
Global
	GlobalSection(SolutionConfigurationPlatforms) = preSolution
		Debug|Any CPU = Debug|Any CPU
		Release|Any CPU = Release|Any CPU
	EndGlobalSection
	GlobalSection(ProjectConfigurationPlatforms) = postSolution
		{A61E1FBA-8B92-44F9-B2BF-EBEFE7A15AEA}.Debug|Any CPU.ActiveCfg = Debug|Any CPU
		{A61E1FBA-8B92-44F9-B2BF-EBEFE7A15AEA}.Debug|Any CPU.Build.0 = Debug|Any CPU
		{A61E1FBA-8B92-44F9-B2BF-EBEFE7A15AEA}.Release|Any CPU.ActiveCfg = Release|Any CPU
		{A61E1FBA-8B92-44F9-B2BF-EBEFE7A15AEA}.Release|Any CPU.Build.0 = Release|Any CPU
	EndGlobalSection
	GlobalSection(SolutionProperties) = preSolution
		HideSolutionNode = FALSE
	EndGlobalSection
	GlobalSection(ExtensibilityGlobals) = postSolution
		SolutionGuid = {00B4B627-5A4F-43AC-A6E3-05D6012B34F1}
	EndGlobalSection
EndGlobal
